// !$*UTF8*$!
{
	archiveVersion = 1;
	classes = {
	};
	objectVersion = 51;
	objects = {

/* Begin PBXBuildFile section */
		2423EA3A24EBA8850018E7D0 /* SettingsViewController.swift in Sources */ = {isa = PBXBuildFile; fileRef = 2423EA3924EBA8850018E7D0 /* SettingsViewController.swift */; };
		2423EA3C24EBAC090018E7D0 /* SettingsTableViewCell.swift in Sources */ = {isa = PBXBuildFile; fileRef = 2423EA3B24EBAC090018E7D0 /* SettingsTableViewCell.swift */; };
		2423EA3E24EBC2F00018E7D0 /* SignInViewController.swift in Sources */ = {isa = PBXBuildFile; fileRef = 2423EA3D24EBC2F00018E7D0 /* SignInViewController.swift */; };
		2423EA4024ECF6BD0018E7D0 /* GoogleService-Info.plist in Resources */ = {isa = PBXBuildFile; fileRef = 2423EA3F24ECF6BD0018E7D0 /* GoogleService-Info.plist */; };
		2423EA4324EE5C9A0018E7D0 /* StoreKit.framework in Frameworks */ = {isa = PBXBuildFile; fileRef = 2423EA4224EE5C9A0018E7D0 /* StoreKit.framework */; };
		242E4CBB24BBEFD5006B325E /* CommuCollectionViewCell.swift in Sources */ = {isa = PBXBuildFile; fileRef = 242E4CBA24BBEFD5006B325E /* CommuCollectionViewCell.swift */; };
		242E4CBD24BC8BF3006B325E /* LectureTableViewCell.swift in Sources */ = {isa = PBXBuildFile; fileRef = 242E4CBC24BC8BF3006B325E /* LectureTableViewCell.swift */; };
		242E4CBF24BD4FF9006B325E /* CircleMaskView.swift in Sources */ = {isa = PBXBuildFile; fileRef = 242E4CBE24BD4FF9006B325E /* CircleMaskView.swift */; };
		242E4CC124BD9598006B325E /* InnIdentifiers.swift in Sources */ = {isa = PBXBuildFile; fileRef = 242E4CC024BD9598006B325E /* InnIdentifiers.swift */; };
		242E4CC324BD9D63006B325E /* VideoListViewController.swift in Sources */ = {isa = PBXBuildFile; fileRef = 242E4CC224BD9D63006B325E /* VideoListViewController.swift */; };
		242E4CC524BDB44C006B325E /* VideoCollectionViewCell.swift in Sources */ = {isa = PBXBuildFile; fileRef = 242E4CC424BDB44C006B325E /* VideoCollectionViewCell.swift */; };
		242F487C24DA5851000CEE85 /* CardDetailViewController.swift in Sources */ = {isa = PBXBuildFile; fileRef = 242F487B24DA5851000CEE85 /* CardDetailViewController.swift */; };
		242F6EAB24B2CC52001156EA /* HowViewController.swift in Sources */ = {isa = PBXBuildFile; fileRef = 242F6EAA24B2CC52001156EA /* HowViewController.swift */; };
		242F6EAD24B2F52D001156EA /* MenuView.swift in Sources */ = {isa = PBXBuildFile; fileRef = 242F6EAC24B2F52D001156EA /* MenuView.swift */; };
		242F6EAF24B313D1001156EA /* InnTags.swift in Sources */ = {isa = PBXBuildFile; fileRef = 242F6EAE24B313D1001156EA /* InnTags.swift */; };
		24310A4724AF82DC00B6F017 /* myfont-01-bold.otf in Resources */ = {isa = PBXBuildFile; fileRef = 24310A4424AF82DC00B6F017 /* myfont-01-bold.otf */; };
		2443F22724B8B19C003011C0 /* NoobViewController.swift in Sources */ = {isa = PBXBuildFile; fileRef = 2443F22624B8B19C003011C0 /* NoobViewController.swift */; };
		24489B4624D1D11F00E81B31 /* CardsCollectionViewCell.swift in Sources */ = {isa = PBXBuildFile; fileRef = 24489B4524D1D11F00E81B31 /* CardsCollectionViewCell.swift */; };
		24489B4824D7F23200E81B31 /* SSShinRegular_otf.otf in Resources */ = {isa = PBXBuildFile; fileRef = 24489B4724D7F23200E81B31 /* SSShinRegular_otf.otf */; };
		244E4A6C24DFE6C20028A55A /* DecksTableViewCell.swift in Sources */ = {isa = PBXBuildFile; fileRef = 244E4A6B24DFE6C20028A55A /* DecksTableViewCell.swift */; };
		244E4A6E24E0130C0028A55A /* MyDecks.swift in Sources */ = {isa = PBXBuildFile; fileRef = 244E4A6D24E0130C0028A55A /* MyDecks.swift */; };
		244E4A7024E0132A0028A55A /* SearchDecks.swift in Sources */ = {isa = PBXBuildFile; fileRef = 244E4A6F24E0132A0028A55A /* SearchDecks.swift */; };
		244E4A7224E273E90028A55A /* DecksCommuCollectionViewCell.swift in Sources */ = {isa = PBXBuildFile; fileRef = 244E4A7124E273E90028A55A /* DecksCommuCollectionViewCell.swift */; };
		244E4A7424E29DD30028A55A /* GaugeView.swift in Sources */ = {isa = PBXBuildFile; fileRef = 244E4A7324E29DD30028A55A /* GaugeView.swift */; };
		244E4A7624E2C55B0028A55A /* DeckDetailViewController.swift in Sources */ = {isa = PBXBuildFile; fileRef = 244E4A7524E2C55B0028A55A /* DeckDetailViewController.swift */; };
		244E4A7824E37F4F0028A55A /* DeckDetailTableViewCell.swift in Sources */ = {isa = PBXBuildFile; fileRef = 244E4A7724E37F4F0028A55A /* DeckDetailTableViewCell.swift */; };
		244E4A7A24E42B7B0028A55A /* ExUIImage.swift in Sources */ = {isa = PBXBuildFile; fileRef = 244E4A7924E42B7B0028A55A /* ExUIImage.swift */; };
		244E4A7C24E503ED0028A55A /* InnTexts.swift in Sources */ = {isa = PBXBuildFile; fileRef = 244E4A7B24E503ED0028A55A /* InnTexts.swift */; };
		24503C0624BE9CDB00666AD6 /* TestViewController.swift in Sources */ = {isa = PBXBuildFile; fileRef = 24503C0524BE9CDB00666AD6 /* TestViewController.swift */; };
		2467E0F524C67E0B009CC97B /* ModifiedScrollingCollectionView.swift in Sources */ = {isa = PBXBuildFile; fileRef = 2467E0F424C67E0B009CC97B /* ModifiedScrollingCollectionView.swift */; };
		2467E0FC24C99247009CC97B /* RangeCollectionViewCell.swift in Sources */ = {isa = PBXBuildFile; fileRef = 2467E0FB24C99247009CC97B /* RangeCollectionViewCell.swift */; };
		2467E10024CAD955009CC97B /* SelectedDatas.swift in Sources */ = {isa = PBXBuildFile; fileRef = 2467E0FF24CAD955009CC97B /* SelectedDatas.swift */; };
		2467E10224CD7ACC009CC97B /* ExUITextField.swift in Sources */ = {isa = PBXBuildFile; fileRef = 2467E10124CD7ACC009CC97B /* ExUITextField.swift */; };
		2467E10424CF3852009CC97B /* WordCollectionViewCell.swift in Sources */ = {isa = PBXBuildFile; fileRef = 2467E10324CF3852009CC97B /* WordCollectionViewCell.swift */; };
		2470E7CD24DD352B007436D6 /* ExUIView.swift in Sources */ = {isa = PBXBuildFile; fileRef = 2470E7CC24DD352B007436D6 /* ExUIView.swift */; };
		2470E7D024DD431C007436D6 /* DecksViewController.swift in Sources */ = {isa = PBXBuildFile; fileRef = 2470E7CF24DD431C007436D6 /* DecksViewController.swift */; };
		2470E7D224DD43AA007436D6 /* DeckData.swift in Sources */ = {isa = PBXBuildFile; fileRef = 2470E7D124DD43AA007436D6 /* DeckData.swift */; };
		2497571D24A9C389008D125E /* AppDelegate.swift in Sources */ = {isa = PBXBuildFile; fileRef = 2497571C24A9C389008D125E /* AppDelegate.swift */; };
		2497571F24A9C389008D125E /* SceneDelegate.swift in Sources */ = {isa = PBXBuildFile; fileRef = 2497571E24A9C389008D125E /* SceneDelegate.swift */; };
		2497572124A9C389008D125E /* WelComeViewController.swift in Sources */ = {isa = PBXBuildFile; fileRef = 2497572024A9C389008D125E /* WelComeViewController.swift */; };
		2497572424A9C389008D125E /* Main.storyboard in Resources */ = {isa = PBXBuildFile; fileRef = 2497572224A9C389008D125E /* Main.storyboard */; };
		2497572624A9C38A008D125E /* Assets.xcassets in Resources */ = {isa = PBXBuildFile; fileRef = 2497572524A9C38A008D125E /* Assets.xcassets */; };
		2497572924A9C38A008D125E /* LaunchScreen.storyboard in Resources */ = {isa = PBXBuildFile; fileRef = 2497572724A9C38A008D125E /* LaunchScreen.storyboard */; };
		2497573224A9FC88008D125E /* GradientView.swift in Sources */ = {isa = PBXBuildFile; fileRef = 2497573124A9FC88008D125E /* GradientView.swift */; };
		24B8B56324BEDF6900D9FAE5 /* CardsViewController.swift in Sources */ = {isa = PBXBuildFile; fileRef = 24B8B56224BEDF6900D9FAE5 /* CardsViewController.swift */; };
		24B8B56624C1B9CF00D9FAE5 /* HearthStroneAPI.swift in Sources */ = {isa = PBXBuildFile; fileRef = 24B8B56524C1B9CF00D9FAE5 /* HearthStroneAPI.swift */; };
		24B8B56824C1BAB900D9FAE5 /* HearthStoneData.swift in Sources */ = {isa = PBXBuildFile; fileRef = 24B8B56724C1BAB900D9FAE5 /* HearthStoneData.swift */; };
		24BF2B1C24C3FE3B00E3E9DE /* KeywordsCollectionViewCell.swift in Sources */ = {isa = PBXBuildFile; fileRef = 24BF2B1B24C3FE3B00E3E9DE /* KeywordsCollectionViewCell.swift */; };
		24BF2B1E24C450E400E3E9DE /* CardData.swift in Sources */ = {isa = PBXBuildFile; fileRef = 24BF2B1D24C450E400E3E9DE /* CardData.swift */; };
		24BF2B2024C4BA0D00E3E9DE /* KeywordsViewController.swift in Sources */ = {isa = PBXBuildFile; fileRef = 24BF2B1F24C4BA0D00E3E9DE /* KeywordsViewController.swift */; };
		24BF2B2224C5B99200E3E9DE /* KeywordsViewLayout.swift in Sources */ = {isa = PBXBuildFile; fileRef = 24BF2B2124C5B99200E3E9DE /* KeywordsViewLayout.swift */; };
		24D27A6324B4B9A60030C4C1 /* HSInfoView.swift in Sources */ = {isa = PBXBuildFile; fileRef = 24D27A6224B4B9A60030C4C1 /* HSInfoView.swift */; };
		24E7596C24ADC7E700789586 /* AboutViewController.swift in Sources */ = {isa = PBXBuildFile; fileRef = 24E7596B24ADC7E700789586 /* AboutViewController.swift */; };
		24E7596F24ADCAB500789586 /* InnPalette.swift in Sources */ = {isa = PBXBuildFile; fileRef = 24E7596E24ADCAB500789586 /* InnPalette.swift */; };
		24ECC8AF24B5D0D1003EABC5 /* PrePlayView.swift in Sources */ = {isa = PBXBuildFile; fileRef = 24ECC8AE24B5D0D1003EABC5 /* PrePlayView.swift */; };
		24EF01BE24EB7577006B9094 /* FirebaseAuth.framework in Frameworks */ = {isa = PBXBuildFile; fileRef = 24EF01BD24EB7577006B9094 /* FirebaseAuth.framework */; };
		24EF01C224EB757C006B9094 /* FirebaseCore.framework in Frameworks */ = {isa = PBXBuildFile; fileRef = 24EF01C124EB757C006B9094 /* FirebaseCore.framework */; };
		2EA53225B001438D1FF65F25 /* Pods_innkeeper.framework in Frameworks */ = {isa = PBXBuildFile; fileRef = E2622DAB982A9DA7D4A77DE6 /* Pods_innkeeper.framework */; };
/* End PBXBuildFile section */

/* Begin PBXFileReference section */
		2423EA3924EBA8850018E7D0 /* SettingsViewController.swift */ = {isa = PBXFileReference; lastKnownFileType = sourcecode.swift; path = SettingsViewController.swift; sourceTree = "<group>"; };
		2423EA3B24EBAC090018E7D0 /* SettingsTableViewCell.swift */ = {isa = PBXFileReference; lastKnownFileType = sourcecode.swift; path = SettingsTableViewCell.swift; sourceTree = "<group>"; };
		2423EA3D24EBC2F00018E7D0 /* SignInViewController.swift */ = {isa = PBXFileReference; lastKnownFileType = sourcecode.swift; path = SignInViewController.swift; sourceTree = "<group>"; };
		2423EA3F24ECF6BD0018E7D0 /* GoogleService-Info.plist */ = {isa = PBXFileReference; fileEncoding = 4; lastKnownFileType = text.plist.xml; path = "GoogleService-Info.plist"; sourceTree = "<group>"; };
		2423EA4124ED04230018E7D0 /* innkeeper.entitlements */ = {isa = PBXFileReference; lastKnownFileType = text.plist.entitlements; path = innkeeper.entitlements; sourceTree = "<group>"; };
		2423EA4224EE5C9A0018E7D0 /* StoreKit.framework */ = {isa = PBXFileReference; lastKnownFileType = wrapper.framework; name = StoreKit.framework; path = System/Library/Frameworks/StoreKit.framework; sourceTree = SDKROOT; };
		242E4CBA24BBEFD5006B325E /* CommuCollectionViewCell.swift */ = {isa = PBXFileReference; lastKnownFileType = sourcecode.swift; path = CommuCollectionViewCell.swift; sourceTree = "<group>"; };
		242E4CBC24BC8BF3006B325E /* LectureTableViewCell.swift */ = {isa = PBXFileReference; lastKnownFileType = sourcecode.swift; path = LectureTableViewCell.swift; sourceTree = "<group>"; };
		242E4CBE24BD4FF9006B325E /* CircleMaskView.swift */ = {isa = PBXFileReference; lastKnownFileType = sourcecode.swift; path = CircleMaskView.swift; sourceTree = "<group>"; };
		242E4CC024BD9598006B325E /* InnIdentifiers.swift */ = {isa = PBXFileReference; lastKnownFileType = sourcecode.swift; path = InnIdentifiers.swift; sourceTree = "<group>"; };
		242E4CC224BD9D63006B325E /* VideoListViewController.swift */ = {isa = PBXFileReference; lastKnownFileType = sourcecode.swift; path = VideoListViewController.swift; sourceTree = "<group>"; };
		242E4CC424BDB44C006B325E /* VideoCollectionViewCell.swift */ = {isa = PBXFileReference; lastKnownFileType = sourcecode.swift; path = VideoCollectionViewCell.swift; sourceTree = "<group>"; };
		242F487B24DA5851000CEE85 /* CardDetailViewController.swift */ = {isa = PBXFileReference; lastKnownFileType = sourcecode.swift; path = CardDetailViewController.swift; sourceTree = "<group>"; };
		242F6EAA24B2CC52001156EA /* HowViewController.swift */ = {isa = PBXFileReference; lastKnownFileType = sourcecode.swift; path = HowViewController.swift; sourceTree = "<group>"; };
		242F6EAC24B2F52D001156EA /* MenuView.swift */ = {isa = PBXFileReference; lastKnownFileType = sourcecode.swift; path = MenuView.swift; sourceTree = "<group>"; };
		242F6EAE24B313D1001156EA /* InnTags.swift */ = {isa = PBXFileReference; lastKnownFileType = sourcecode.swift; path = InnTags.swift; sourceTree = "<group>"; };
		24310A4424AF82DC00B6F017 /* myfont-01-bold.otf */ = {isa = PBXFileReference; lastKnownFileType = file; path = "myfont-01-bold.otf"; sourceTree = "<group>"; };
		24310A4A24B0ABA300B6F017 /* youtube_ios_player_helper.framework */ = {isa = PBXFileReference; explicitFileType = wrapper.framework; path = youtube_ios_player_helper.framework; sourceTree = BUILT_PRODUCTS_DIR; };
		2443F22624B8B19C003011C0 /* NoobViewController.swift */ = {isa = PBXFileReference; lastKnownFileType = sourcecode.swift; path = NoobViewController.swift; sourceTree = "<group>"; };
		24489B4524D1D11F00E81B31 /* CardsCollectionViewCell.swift */ = {isa = PBXFileReference; lastKnownFileType = sourcecode.swift; path = CardsCollectionViewCell.swift; sourceTree = "<group>"; };
		24489B4724D7F23200E81B31 /* SSShinRegular_otf.otf */ = {isa = PBXFileReference; lastKnownFileType = file; path = SSShinRegular_otf.otf; sourceTree = "<group>"; };
		244E4A6B24DFE6C20028A55A /* DecksTableViewCell.swift */ = {isa = PBXFileReference; lastKnownFileType = sourcecode.swift; path = DecksTableViewCell.swift; sourceTree = "<group>"; };
		244E4A6D24E0130C0028A55A /* MyDecks.swift */ = {isa = PBXFileReference; lastKnownFileType = sourcecode.swift; path = MyDecks.swift; sourceTree = "<group>"; };
		244E4A6F24E0132A0028A55A /* SearchDecks.swift */ = {isa = PBXFileReference; lastKnownFileType = sourcecode.swift; path = SearchDecks.swift; sourceTree = "<group>"; };
		244E4A7124E273E90028A55A /* DecksCommuCollectionViewCell.swift */ = {isa = PBXFileReference; lastKnownFileType = sourcecode.swift; path = DecksCommuCollectionViewCell.swift; sourceTree = "<group>"; };
		244E4A7324E29DD30028A55A /* GaugeView.swift */ = {isa = PBXFileReference; lastKnownFileType = sourcecode.swift; path = GaugeView.swift; sourceTree = "<group>"; };
		244E4A7524E2C55B0028A55A /* DeckDetailViewController.swift */ = {isa = PBXFileReference; lastKnownFileType = sourcecode.swift; path = DeckDetailViewController.swift; sourceTree = "<group>"; };
		244E4A7724E37F4F0028A55A /* DeckDetailTableViewCell.swift */ = {isa = PBXFileReference; lastKnownFileType = sourcecode.swift; path = DeckDetailTableViewCell.swift; sourceTree = "<group>"; };
		244E4A7924E42B7B0028A55A /* ExUIImage.swift */ = {isa = PBXFileReference; lastKnownFileType = sourcecode.swift; path = ExUIImage.swift; sourceTree = "<group>"; };
		244E4A7B24E503ED0028A55A /* InnTexts.swift */ = {isa = PBXFileReference; lastKnownFileType = sourcecode.swift; path = InnTexts.swift; sourceTree = "<group>"; };
		24503C0524BE9CDB00666AD6 /* TestViewController.swift */ = {isa = PBXFileReference; lastKnownFileType = sourcecode.swift; path = TestViewController.swift; sourceTree = "<group>"; };
		2467E0F424C67E0B009CC97B /* ModifiedScrollingCollectionView.swift */ = {isa = PBXFileReference; lastKnownFileType = sourcecode.swift; path = ModifiedScrollingCollectionView.swift; sourceTree = "<group>"; };
		2467E0FB24C99247009CC97B /* RangeCollectionViewCell.swift */ = {isa = PBXFileReference; lastKnownFileType = sourcecode.swift; path = RangeCollectionViewCell.swift; sourceTree = "<group>"; };
		2467E0FF24CAD955009CC97B /* SelectedDatas.swift */ = {isa = PBXFileReference; lastKnownFileType = sourcecode.swift; path = SelectedDatas.swift; sourceTree = "<group>"; };
		2467E10124CD7ACC009CC97B /* ExUITextField.swift */ = {isa = PBXFileReference; lastKnownFileType = sourcecode.swift; path = ExUITextField.swift; sourceTree = "<group>"; };
		2467E10324CF3852009CC97B /* WordCollectionViewCell.swift */ = {isa = PBXFileReference; lastKnownFileType = sourcecode.swift; path = WordCollectionViewCell.swift; sourceTree = "<group>"; };
		2470E7CC24DD352B007436D6 /* ExUIView.swift */ = {isa = PBXFileReference; lastKnownFileType = sourcecode.swift; path = ExUIView.swift; sourceTree = "<group>"; };
		2470E7CF24DD431C007436D6 /* DecksViewController.swift */ = {isa = PBXFileReference; lastKnownFileType = sourcecode.swift; path = DecksViewController.swift; sourceTree = "<group>"; };
		2470E7D124DD43AA007436D6 /* DeckData.swift */ = {isa = PBXFileReference; lastKnownFileType = sourcecode.swift; path = DeckData.swift; sourceTree = "<group>"; };
		2497571924A9C389008D125E /* innkeeper.app */ = {isa = PBXFileReference; explicitFileType = wrapper.application; includeInIndex = 0; path = innkeeper.app; sourceTree = BUILT_PRODUCTS_DIR; };
		2497571C24A9C389008D125E /* AppDelegate.swift */ = {isa = PBXFileReference; lastKnownFileType = sourcecode.swift; path = AppDelegate.swift; sourceTree = "<group>"; };
		2497571E24A9C389008D125E /* SceneDelegate.swift */ = {isa = PBXFileReference; lastKnownFileType = sourcecode.swift; path = SceneDelegate.swift; sourceTree = "<group>"; };
		2497572024A9C389008D125E /* WelComeViewController.swift */ = {isa = PBXFileReference; lastKnownFileType = sourcecode.swift; path = WelComeViewController.swift; sourceTree = "<group>"; };
		2497572324A9C389008D125E /* Base */ = {isa = PBXFileReference; lastKnownFileType = file.storyboard; name = Base; path = Base.lproj/Main.storyboard; sourceTree = "<group>"; };
		2497572524A9C38A008D125E /* Assets.xcassets */ = {isa = PBXFileReference; lastKnownFileType = folder.assetcatalog; path = Assets.xcassets; sourceTree = "<group>"; };
		2497572824A9C38A008D125E /* Base */ = {isa = PBXFileReference; lastKnownFileType = file.storyboard; name = Base; path = Base.lproj/LaunchScreen.storyboard; sourceTree = "<group>"; };
		2497572A24A9C38A008D125E /* Info.plist */ = {isa = PBXFileReference; lastKnownFileType = text.plist.xml; path = Info.plist; sourceTree = "<group>"; };
		2497573124A9FC88008D125E /* GradientView.swift */ = {isa = PBXFileReference; fileEncoding = 4; lastKnownFileType = sourcecode.swift; path = GradientView.swift; sourceTree = "<group>"; };
		24B8B56224BEDF6900D9FAE5 /* CardsViewController.swift */ = {isa = PBXFileReference; lastKnownFileType = sourcecode.swift; path = CardsViewController.swift; sourceTree = "<group>"; };
		24B8B56524C1B9CF00D9FAE5 /* HearthStroneAPI.swift */ = {isa = PBXFileReference; lastKnownFileType = sourcecode.swift; path = HearthStroneAPI.swift; sourceTree = "<group>"; };
		24B8B56724C1BAB900D9FAE5 /* HearthStoneData.swift */ = {isa = PBXFileReference; lastKnownFileType = sourcecode.swift; path = HearthStoneData.swift; sourceTree = "<group>"; };
		24BF2B1B24C3FE3B00E3E9DE /* KeywordsCollectionViewCell.swift */ = {isa = PBXFileReference; lastKnownFileType = sourcecode.swift; path = KeywordsCollectionViewCell.swift; sourceTree = "<group>"; };
		24BF2B1D24C450E400E3E9DE /* CardData.swift */ = {isa = PBXFileReference; lastKnownFileType = sourcecode.swift; path = CardData.swift; sourceTree = "<group>"; };
		24BF2B1F24C4BA0D00E3E9DE /* KeywordsViewController.swift */ = {isa = PBXFileReference; lastKnownFileType = sourcecode.swift; path = KeywordsViewController.swift; sourceTree = "<group>"; };
		24BF2B2124C5B99200E3E9DE /* KeywordsViewLayout.swift */ = {isa = PBXFileReference; lastKnownFileType = sourcecode.swift; path = KeywordsViewLayout.swift; sourceTree = "<group>"; };
		24D27A6224B4B9A60030C4C1 /* HSInfoView.swift */ = {isa = PBXFileReference; lastKnownFileType = sourcecode.swift; path = HSInfoView.swift; sourceTree = "<group>"; };
		24E7596B24ADC7E700789586 /* AboutViewController.swift */ = {isa = PBXFileReference; lastKnownFileType = sourcecode.swift; path = AboutViewController.swift; sourceTree = "<group>"; };
		24E7596E24ADCAB500789586 /* InnPalette.swift */ = {isa = PBXFileReference; lastKnownFileType = sourcecode.swift; path = InnPalette.swift; sourceTree = "<group>"; };
		24ECC8AE24B5D0D1003EABC5 /* PrePlayView.swift */ = {isa = PBXFileReference; lastKnownFileType = sourcecode.swift; path = PrePlayView.swift; sourceTree = "<group>"; };
		24EF01B624EB7422006B9094 /* FirebaseAuth.framework */ = {isa = PBXFileReference; explicitFileType = wrapper.framework; path = FirebaseAuth.framework; sourceTree = BUILT_PRODUCTS_DIR; };
		24EF01BA24EB7429006B9094 /* FirebaseCore.framework */ = {isa = PBXFileReference; explicitFileType = wrapper.framework; path = FirebaseCore.framework; sourceTree = BUILT_PRODUCTS_DIR; };
		24EF01BD24EB7577006B9094 /* FirebaseAuth.framework */ = {isa = PBXFileReference; explicitFileType = wrapper.framework; path = FirebaseAuth.framework; sourceTree = BUILT_PRODUCTS_DIR; };
		24EF01C124EB757C006B9094 /* FirebaseCore.framework */ = {isa = PBXFileReference; explicitFileType = wrapper.framework; path = FirebaseCore.framework; sourceTree = BUILT_PRODUCTS_DIR; };
		78C9D5D3467A82BD2DE318F1 /* Pods-innkeeper.release.xcconfig */ = {isa = PBXFileReference; includeInIndex = 1; lastKnownFileType = text.xcconfig; name = "Pods-innkeeper.release.xcconfig"; path = "Target Support Files/Pods-innkeeper/Pods-innkeeper.release.xcconfig"; sourceTree = "<group>"; };
		8F0ACDC1FBE39FECD7A6B62A /* Pods-innkeeper.debug.xcconfig */ = {isa = PBXFileReference; includeInIndex = 1; lastKnownFileType = text.xcconfig; name = "Pods-innkeeper.debug.xcconfig"; path = "Target Support Files/Pods-innkeeper/Pods-innkeeper.debug.xcconfig"; sourceTree = "<group>"; };
		E2622DAB982A9DA7D4A77DE6 /* Pods_innkeeper.framework */ = {isa = PBXFileReference; explicitFileType = wrapper.framework; includeInIndex = 0; path = Pods_innkeeper.framework; sourceTree = BUILT_PRODUCTS_DIR; };
/* End PBXFileReference section */

/* Begin PBXFrameworksBuildPhase section */
		2497571624A9C389008D125E /* Frameworks */ = {
			isa = PBXFrameworksBuildPhase;
			buildActionMask = 2147483647;
			files = (
				2EA53225B001438D1FF65F25 /* Pods_innkeeper.framework in Frameworks */,
				24EF01BE24EB7577006B9094 /* FirebaseAuth.framework in Frameworks */,
				24EF01C224EB757C006B9094 /* FirebaseCore.framework in Frameworks */,
				2423EA4324EE5C9A0018E7D0 /* StoreKit.framework in Frameworks */,
			);
			runOnlyForDeploymentPostprocessing = 0;
		};
/* End PBXFrameworksBuildPhase section */

/* Begin PBXGroup section */
		2443F21C24B8B0B7003011C0 /* How */ = {
			isa = PBXGroup;
			children = (
				242F6EAA24B2CC52001156EA /* HowViewController.swift */,
				24D27A6224B4B9A60030C4C1 /* HSInfoView.swift */,
				24ECC8AE24B5D0D1003EABC5 /* PrePlayView.swift */,
			);
			path = How;
			sourceTree = "<group>";
		};
		2443F21D24B8B0D5003011C0 /* Noob */ = {
			isa = PBXGroup;
			children = (
				2443F22624B8B19C003011C0 /* NoobViewController.swift */,
				242E4CBA24BBEFD5006B325E /* CommuCollectionViewCell.swift */,
				242E4CBC24BC8BF3006B325E /* LectureTableViewCell.swift */,
				242E4CC224BD9D63006B325E /* VideoListViewController.swift */,
				242E4CC424BDB44C006B325E /* VideoCollectionViewCell.swift */,
			);
			path = Noob;
			sourceTree = "<group>";
		};
		2443F22824B8B1A9003011C0 /* About */ = {
			isa = PBXGroup;
			children = (
				24E7596B24ADC7E700789586 /* AboutViewController.swift */,
			);
			path = About;
			sourceTree = "<group>";
		};
		24503C0224BE9CAB00666AD6 /* Test */ = {
			isa = PBXGroup;
			children = (
				24503C0524BE9CDB00666AD6 /* TestViewController.swift */,
			);
			path = Test;
			sourceTree = "<group>";
		};
		2470E7CE24DD42AA007436D6 /* Decks */ = {
			isa = PBXGroup;
			children = (
				2470E7CF24DD431C007436D6 /* DecksViewController.swift */,
				244E4A6D24E0130C0028A55A /* MyDecks.swift */,
				244E4A6F24E0132A0028A55A /* SearchDecks.swift */,
				2470E7D124DD43AA007436D6 /* DeckData.swift */,
				244E4A6B24DFE6C20028A55A /* DecksTableViewCell.swift */,
				244E4A7124E273E90028A55A /* DecksCommuCollectionViewCell.swift */,
				244E4A7524E2C55B0028A55A /* DeckDetailViewController.swift */,
				244E4A7724E37F4F0028A55A /* DeckDetailTableViewCell.swift */,
			);
			path = Decks;
			sourceTree = "<group>";
		};
		2497571024A9C389008D125E = {
			isa = PBXGroup;
			children = (
				2497571B24A9C389008D125E /* innkeeper */,
				2497571A24A9C389008D125E /* Products */,
				C0AD442B95E34960A032086B /* Pods */,
				D9BB69E4AE6F83DC8E7FE0B4 /* Frameworks */,
			);
			sourceTree = "<group>";
		};
		2497571A24A9C389008D125E /* Products */ = {
			isa = PBXGroup;
			children = (
				2497571924A9C389008D125E /* innkeeper.app */,
			);
			name = Products;
			sourceTree = "<group>";
		};
		2497571B24A9C389008D125E /* innkeeper */ = {
			isa = PBXGroup;
			children = (
				2423EA4124ED04230018E7D0 /* innkeeper.entitlements */,
				24B8B56424C1B99C00D9FAE5 /* Request */,
				24503C0224BE9CAB00666AD6 /* Test */,
				24E7596D24ADCA8F00789586 /* Common */,
				24EEF98724AB1BFA00CFE38C /* Scenes */,
				2497573024A9FC75008D125E /* Customs */,
				2497571C24A9C389008D125E /* AppDelegate.swift */,
				2497571E24A9C389008D125E /* SceneDelegate.swift */,
				2497572224A9C389008D125E /* Main.storyboard */,
				2497572524A9C38A008D125E /* Assets.xcassets */,
				2497572724A9C38A008D125E /* LaunchScreen.storyboard */,
				2497572A24A9C38A008D125E /* Info.plist */,
				2423EA3F24ECF6BD0018E7D0 /* GoogleService-Info.plist */,
			);
			path = innkeeper;
			sourceTree = "<group>";
		};
		2497573024A9FC75008D125E /* Customs */ = {
			isa = PBXGroup;
			children = (
				24CA7A9224AB471E00A415AD /* Fonts */,
				2497573124A9FC88008D125E /* GradientView.swift */,
				242F6EAC24B2F52D001156EA /* MenuView.swift */,
				242E4CBE24BD4FF9006B325E /* CircleMaskView.swift */,
				2467E0F424C67E0B009CC97B /* ModifiedScrollingCollectionView.swift */,
				2467E10124CD7ACC009CC97B /* ExUITextField.swift */,
				2470E7CC24DD352B007436D6 /* ExUIView.swift */,
				244E4A7324E29DD30028A55A /* GaugeView.swift */,
				244E4A7924E42B7B0028A55A /* ExUIImage.swift */,
			);
			path = Customs;
			sourceTree = "<group>";
		};
		24B8B56124BEDF5500D9FAE5 /* Search */ = {
			isa = PBXGroup;
			children = (
				24B8B56224BEDF6900D9FAE5 /* CardsViewController.swift */,
				24BF2B1F24C4BA0D00E3E9DE /* KeywordsViewController.swift */,
				24BF2B1B24C3FE3B00E3E9DE /* KeywordsCollectionViewCell.swift */,
				24BF2B2124C5B99200E3E9DE /* KeywordsViewLayout.swift */,
				2467E0FB24C99247009CC97B /* RangeCollectionViewCell.swift */,
				2467E0FF24CAD955009CC97B /* SelectedDatas.swift */,
				2467E10324CF3852009CC97B /* WordCollectionViewCell.swift */,
				24489B4524D1D11F00E81B31 /* CardsCollectionViewCell.swift */,
				242F487B24DA5851000CEE85 /* CardDetailViewController.swift */,
			);
			path = Search;
			sourceTree = "<group>";
		};
		24B8B56424C1B99C00D9FAE5 /* Request */ = {
			isa = PBXGroup;
			children = (
				24B8B56524C1B9CF00D9FAE5 /* HearthStroneAPI.swift */,
				24B8B56724C1BAB900D9FAE5 /* HearthStoneData.swift */,
				24BF2B1D24C450E400E3E9DE /* CardData.swift */,
			);
			path = Request;
			sourceTree = "<group>";
		};
		24CA7A9224AB471E00A415AD /* Fonts */ = {
			isa = PBXGroup;
			children = (
				24489B4724D7F23200E81B31 /* SSShinRegular_otf.otf */,
				24310A4424AF82DC00B6F017 /* myfont-01-bold.otf */,
			);
			path = Fonts;
			sourceTree = "<group>";
		};
		24E7596D24ADCA8F00789586 /* Common */ = {
			isa = PBXGroup;
			children = (
				24E7596E24ADCAB500789586 /* InnPalette.swift */,
				242F6EAE24B313D1001156EA /* InnTags.swift */,
				242E4CC024BD9598006B325E /* InnIdentifiers.swift */,
				244E4A7B24E503ED0028A55A /* InnTexts.swift */,
			);
			path = Common;
			sourceTree = "<group>";
		};
		24EEF98724AB1BFA00CFE38C /* Scenes */ = {
			isa = PBXGroup;
			children = (
				24EF01C424EBA814006B9094 /* Settings */,
				2470E7CE24DD42AA007436D6 /* Decks */,
				24B8B56124BEDF5500D9FAE5 /* Search */,
				24EEF98824AB1C2800CFE38C /* Welcome */,
			);
			path = Scenes;
			sourceTree = "<group>";
		};
		24EEF98824AB1C2800CFE38C /* Welcome */ = {
			isa = PBXGroup;
			children = (
				2443F22824B8B1A9003011C0 /* About */,
				2443F21D24B8B0D5003011C0 /* Noob */,
				2443F21C24B8B0B7003011C0 /* How */,
				2497572024A9C389008D125E /* WelComeViewController.swift */,
			);
			path = Welcome;
			sourceTree = "<group>";
		};
		24EF01C424EBA814006B9094 /* Settings */ = {
			isa = PBXGroup;
			children = (
				2423EA3924EBA8850018E7D0 /* SettingsViewController.swift */,
				2423EA3B24EBAC090018E7D0 /* SettingsTableViewCell.swift */,
				2423EA3D24EBC2F00018E7D0 /* SignInViewController.swift */,
			);
			path = Settings;
			sourceTree = "<group>";
		};
		C0AD442B95E34960A032086B /* Pods */ = {
			isa = PBXGroup;
			children = (
				8F0ACDC1FBE39FECD7A6B62A /* Pods-innkeeper.debug.xcconfig */,
				78C9D5D3467A82BD2DE318F1 /* Pods-innkeeper.release.xcconfig */,
			);
			path = Pods;
			sourceTree = "<group>";
		};
		D9BB69E4AE6F83DC8E7FE0B4 /* Frameworks */ = {
			isa = PBXGroup;
			children = (
				2423EA4224EE5C9A0018E7D0 /* StoreKit.framework */,
				24EF01C124EB757C006B9094 /* FirebaseCore.framework */,
				24EF01BD24EB7577006B9094 /* FirebaseAuth.framework */,
				24EF01BA24EB7429006B9094 /* FirebaseCore.framework */,
				24EF01B624EB7422006B9094 /* FirebaseAuth.framework */,
				24310A4A24B0ABA300B6F017 /* youtube_ios_player_helper.framework */,
				E2622DAB982A9DA7D4A77DE6 /* Pods_innkeeper.framework */,
			);
			name = Frameworks;
			sourceTree = "<group>";
		};
/* End PBXGroup section */

/* Begin PBXNativeTarget section */
		2497571824A9C389008D125E /* innkeeper */ = {
			isa = PBXNativeTarget;
			buildConfigurationList = 2497572D24A9C38A008D125E /* Build configuration list for PBXNativeTarget "innkeeper" */;
			buildPhases = (
				956E84F9B5E17D8710ADA2C5 /* [CP] Check Pods Manifest.lock */,
				2497571524A9C389008D125E /* Sources */,
				2497571624A9C389008D125E /* Frameworks */,
				2497571724A9C389008D125E /* Resources */,
				94C9D6C0161B310E12BE1AF0 /* [CP] Embed Pods Frameworks */,
				5D8125F8C8CD9EF3F474346B /* [CP] Copy Pods Resources */,
			);
			buildRules = (
			);
			dependencies = (
			);
			name = innkeeper;
			productName = innkeeper;
			productReference = 2497571924A9C389008D125E /* innkeeper.app */;
			productType = "com.apple.product-type.application";
		};
/* End PBXNativeTarget section */

/* Begin PBXProject section */
		2497571124A9C389008D125E /* Project object */ = {
			isa = PBXProject;
			attributes = {
				LastSwiftUpdateCheck = 1150;
				LastUpgradeCheck = 1150;
				ORGANIZATIONNAME = example;
				TargetAttributes = {
					2497571824A9C389008D125E = {
						CreatedOnToolsVersion = 11.5;
					};
				};
			};
			buildConfigurationList = 2497571424A9C389008D125E /* Build configuration list for PBXProject "innkeeper" */;
			compatibilityVersion = "Xcode 9.3";
			developmentRegion = en;
			hasScannedForEncodings = 0;
			knownRegions = (
				en,
				Base,
			);
			mainGroup = 2497571024A9C389008D125E;
			productRefGroup = 2497571A24A9C389008D125E /* Products */;
			projectDirPath = "";
			projectRoot = "";
			targets = (
				2497571824A9C389008D125E /* innkeeper */,
			);
		};
/* End PBXProject section */

/* Begin PBXResourcesBuildPhase section */
		2497571724A9C389008D125E /* Resources */ = {
			isa = PBXResourcesBuildPhase;
			buildActionMask = 2147483647;
			files = (
				24489B4824D7F23200E81B31 /* SSShinRegular_otf.otf in Resources */,
				2497572924A9C38A008D125E /* LaunchScreen.storyboard in Resources */,
				24310A4724AF82DC00B6F017 /* myfont-01-bold.otf in Resources */,
				2497572624A9C38A008D125E /* Assets.xcassets in Resources */,
				2497572424A9C389008D125E /* Main.storyboard in Resources */,
				2423EA4024ECF6BD0018E7D0 /* GoogleService-Info.plist in Resources */,
			);
			runOnlyForDeploymentPostprocessing = 0;
		};
/* End PBXResourcesBuildPhase section */

/* Begin PBXShellScriptBuildPhase section */
		5D8125F8C8CD9EF3F474346B /* [CP] Copy Pods Resources */ = {
			isa = PBXShellScriptBuildPhase;
			buildActionMask = 2147483647;
			files = (
			);
			inputFileListPaths = (
				"${PODS_ROOT}/Target Support Files/Pods-innkeeper/Pods-innkeeper-resources-${CONFIGURATION}-input-files.xcfilelist",
			);
			name = "[CP] Copy Pods Resources";
			outputFileListPaths = (
				"${PODS_ROOT}/Target Support Files/Pods-innkeeper/Pods-innkeeper-resources-${CONFIGURATION}-output-files.xcfilelist",
			);
			runOnlyForDeploymentPostprocessing = 0;
			shellPath = /bin/sh;
			shellScript = "\"${PODS_ROOT}/Target Support Files/Pods-innkeeper/Pods-innkeeper-resources.sh\"\n";
			showEnvVarsInLog = 0;
		};
		94C9D6C0161B310E12BE1AF0 /* [CP] Embed Pods Frameworks */ = {
			isa = PBXShellScriptBuildPhase;
			buildActionMask = 2147483647;
			files = (
			);
			inputFileListPaths = (
				"${PODS_ROOT}/Target Support Files/Pods-innkeeper/Pods-innkeeper-frameworks-${CONFIGURATION}-input-files.xcfilelist",
			);
			name = "[CP] Embed Pods Frameworks";
			outputFileListPaths = (
				"${PODS_ROOT}/Target Support Files/Pods-innkeeper/Pods-innkeeper-frameworks-${CONFIGURATION}-output-files.xcfilelist",
			);
			runOnlyForDeploymentPostprocessing = 0;
			shellPath = /bin/sh;
			shellScript = "\"${PODS_ROOT}/Target Support Files/Pods-innkeeper/Pods-innkeeper-frameworks.sh\"\n";
			showEnvVarsInLog = 0;
		};
		956E84F9B5E17D8710ADA2C5 /* [CP] Check Pods Manifest.lock */ = {
			isa = PBXShellScriptBuildPhase;
			buildActionMask = 2147483647;
			files = (
			);
			inputFileListPaths = (
			);
			inputPaths = (
				"${PODS_PODFILE_DIR_PATH}/Podfile.lock",
				"${PODS_ROOT}/Manifest.lock",
			);
			name = "[CP] Check Pods Manifest.lock";
			outputFileListPaths = (
			);
			outputPaths = (
				"$(DERIVED_FILE_DIR)/Pods-innkeeper-checkManifestLockResult.txt",
			);
			runOnlyForDeploymentPostprocessing = 0;
			shellPath = /bin/sh;
			shellScript = "diff \"${PODS_PODFILE_DIR_PATH}/Podfile.lock\" \"${PODS_ROOT}/Manifest.lock\" > /dev/null\nif [ $? != 0 ] ; then\n    # print error to STDERR\n    echo \"error: The sandbox is not in sync with the Podfile.lock. Run 'pod install' or update your CocoaPods installation.\" >&2\n    exit 1\nfi\n# This output is used by Xcode 'outputs' to avoid re-running this script phase.\necho \"SUCCESS\" > \"${SCRIPT_OUTPUT_FILE_0}\"\n";
			showEnvVarsInLog = 0;
		};
/* End PBXShellScriptBuildPhase section */

/* Begin PBXSourcesBuildPhase section */
		2497571524A9C389008D125E /* Sources */ = {
			isa = PBXSourcesBuildPhase;
			buildActionMask = 2147483647;
			files = (
				242E4CC524BDB44C006B325E /* VideoCollectionViewCell.swift in Sources */,
				24E7596C24ADC7E700789586 /* AboutViewController.swift in Sources */,
				24D27A6324B4B9A60030C4C1 /* HSInfoView.swift in Sources */,
				24BF2B2224C5B99200E3E9DE /* KeywordsViewLayout.swift in Sources */,
				244E4A7A24E42B7B0028A55A /* ExUIImage.swift in Sources */,
				2497572124A9C389008D125E /* WelComeViewController.swift in Sources */,
				244E4A7824E37F4F0028A55A /* DeckDetailTableViewCell.swift in Sources */,
				2497571D24A9C389008D125E /* AppDelegate.swift in Sources */,
				2423EA3C24EBAC090018E7D0 /* SettingsTableViewCell.swift in Sources */,
				24B8B56624C1B9CF00D9FAE5 /* HearthStroneAPI.swift in Sources */,
				2443F22724B8B19C003011C0 /* NoobViewController.swift in Sources */,
				242F6EAD24B2F52D001156EA /* MenuView.swift in Sources */,
				24BF2B2024C4BA0D00E3E9DE /* KeywordsViewController.swift in Sources */,
				2470E7D224DD43AA007436D6 /* DeckData.swift in Sources */,
				2497573224A9FC88008D125E /* GradientView.swift in Sources */,
				2497571F24A9C389008D125E /* SceneDelegate.swift in Sources */,
				2423EA3A24EBA8850018E7D0 /* SettingsViewController.swift in Sources */,
				24489B4624D1D11F00E81B31 /* CardsCollectionViewCell.swift in Sources */,
				242F487C24DA5851000CEE85 /* CardDetailViewController.swift in Sources */,
				244E4A7024E0132A0028A55A /* SearchDecks.swift in Sources */,
				24503C0624BE9CDB00666AD6 /* TestViewController.swift in Sources */,
				244E4A7424E29DD30028A55A /* GaugeView.swift in Sources */,
				2467E10024CAD955009CC97B /* SelectedDatas.swift in Sources */,
				244E4A7C24E503ED0028A55A /* InnTexts.swift in Sources */,
				2470E7D024DD431C007436D6 /* DecksViewController.swift in Sources */,
				24B8B56824C1BAB900D9FAE5 /* HearthStoneData.swift in Sources */,
				242E4CBD24BC8BF3006B325E /* LectureTableViewCell.swift in Sources */,
				2467E10224CD7ACC009CC97B /* ExUITextField.swift in Sources */,
				24ECC8AF24B5D0D1003EABC5 /* PrePlayView.swift in Sources */,
				24BF2B1E24C450E400E3E9DE /* CardData.swift in Sources */,
				2470E7CD24DD352B007436D6 /* ExUIView.swift in Sources */,
				244E4A6E24E0130C0028A55A /* MyDecks.swift in Sources */,
				242E4CC124BD9598006B325E /* InnIdentifiers.swift in Sources */,
				24E7596F24ADCAB500789586 /* InnPalette.swift in Sources */,
				244E4A7224E273E90028A55A /* DecksCommuCollectionViewCell.swift in Sources */,
				24B8B56324BEDF6900D9FAE5 /* CardsViewController.swift in Sources */,
				2467E0FC24C99247009CC97B /* RangeCollectionViewCell.swift in Sources */,
				2467E0F524C67E0B009CC97B /* ModifiedScrollingCollectionView.swift in Sources */,
				244E4A6C24DFE6C20028A55A /* DecksTableViewCell.swift in Sources */,
				244E4A7624E2C55B0028A55A /* DeckDetailViewController.swift in Sources */,
				242E4CBF24BD4FF9006B325E /* CircleMaskView.swift in Sources */,
				2467E10424CF3852009CC97B /* WordCollectionViewCell.swift in Sources */,
				242E4CC324BD9D63006B325E /* VideoListViewController.swift in Sources */,
				24BF2B1C24C3FE3B00E3E9DE /* KeywordsCollectionViewCell.swift in Sources */,
				2423EA3E24EBC2F00018E7D0 /* SignInViewController.swift in Sources */,
				242F6EAF24B313D1001156EA /* InnTags.swift in Sources */,
				242F6EAB24B2CC52001156EA /* HowViewController.swift in Sources */,
				242E4CBB24BBEFD5006B325E /* CommuCollectionViewCell.swift in Sources */,
			);
			runOnlyForDeploymentPostprocessing = 0;
		};
/* End PBXSourcesBuildPhase section */

/* Begin PBXVariantGroup section */
		2497572224A9C389008D125E /* Main.storyboard */ = {
			isa = PBXVariantGroup;
			children = (
				2497572324A9C389008D125E /* Base */,
			);
			name = Main.storyboard;
			sourceTree = "<group>";
		};
		2497572724A9C38A008D125E /* LaunchScreen.storyboard */ = {
			isa = PBXVariantGroup;
			children = (
				2497572824A9C38A008D125E /* Base */,
			);
			name = LaunchScreen.storyboard;
			sourceTree = "<group>";
		};
/* End PBXVariantGroup section */

/* Begin XCBuildConfiguration section */
		2497572B24A9C38A008D125E /* Debug */ = {
			isa = XCBuildConfiguration;
			buildSettings = {
				ALWAYS_SEARCH_USER_PATHS = NO;
				CLANG_ANALYZER_NONNULL = YES;
				CLANG_ANALYZER_NUMBER_OBJECT_CONVERSION = YES_AGGRESSIVE;
				CLANG_CXX_LANGUAGE_STANDARD = "gnu++14";
				CLANG_CXX_LIBRARY = "libc++";
				CLANG_ENABLE_MODULES = YES;
				CLANG_ENABLE_OBJC_ARC = YES;
				CLANG_ENABLE_OBJC_WEAK = YES;
				CLANG_WARN_BLOCK_CAPTURE_AUTORELEASING = YES;
				CLANG_WARN_BOOL_CONVERSION = YES;
				CLANG_WARN_COMMA = YES;
				CLANG_WARN_CONSTANT_CONVERSION = YES;
				CLANG_WARN_DEPRECATED_OBJC_IMPLEMENTATIONS = YES;
				CLANG_WARN_DIRECT_OBJC_ISA_USAGE = YES_ERROR;
				CLANG_WARN_DOCUMENTATION_COMMENTS = YES;
				CLANG_WARN_EMPTY_BODY = YES;
				CLANG_WARN_ENUM_CONVERSION = YES;
				CLANG_WARN_INFINITE_RECURSION = YES;
				CLANG_WARN_INT_CONVERSION = YES;
				CLANG_WARN_NON_LITERAL_NULL_CONVERSION = YES;
				CLANG_WARN_OBJC_IMPLICIT_RETAIN_SELF = YES;
				CLANG_WARN_OBJC_LITERAL_CONVERSION = YES;
				CLANG_WARN_OBJC_ROOT_CLASS = YES_ERROR;
				CLANG_WARN_RANGE_LOOP_ANALYSIS = YES;
				CLANG_WARN_STRICT_PROTOTYPES = YES;
				CLANG_WARN_SUSPICIOUS_MOVE = YES;
				CLANG_WARN_UNGUARDED_AVAILABILITY = YES_AGGRESSIVE;
				CLANG_WARN_UNREACHABLE_CODE = YES;
				CLANG_WARN__DUPLICATE_METHOD_MATCH = YES;
				COPY_PHASE_STRIP = NO;
				DEBUG_INFORMATION_FORMAT = dwarf;
				ENABLE_STRICT_OBJC_MSGSEND = YES;
				ENABLE_TESTABILITY = YES;
				GCC_C_LANGUAGE_STANDARD = gnu11;
				GCC_DYNAMIC_NO_PIC = NO;
				GCC_NO_COMMON_BLOCKS = YES;
				GCC_OPTIMIZATION_LEVEL = 0;
				GCC_PREPROCESSOR_DEFINITIONS = (
					"DEBUG=1",
					"$(inherited)",
				);
				GCC_WARN_64_TO_32_BIT_CONVERSION = YES;
				GCC_WARN_ABOUT_RETURN_TYPE = YES_ERROR;
				GCC_WARN_UNDECLARED_SELECTOR = YES;
				GCC_WARN_UNINITIALIZED_AUTOS = YES_AGGRESSIVE;
				GCC_WARN_UNUSED_FUNCTION = YES;
				GCC_WARN_UNUSED_VARIABLE = YES;
				IPHONEOS_DEPLOYMENT_TARGET = 13.0;
				MTL_ENABLE_DEBUG_INFO = INCLUDE_SOURCE;
				MTL_FAST_MATH = YES;
				ONLY_ACTIVE_ARCH = YES;
				SDKROOT = iphoneos;
				SWIFT_ACTIVE_COMPILATION_CONDITIONS = DEBUG;
				SWIFT_OPTIMIZATION_LEVEL = "-Onone";
			};
			name = Debug;
		};
		2497572C24A9C38A008D125E /* Release */ = {
			isa = XCBuildConfiguration;
			buildSettings = {
				ALWAYS_SEARCH_USER_PATHS = NO;
				CLANG_ANALYZER_NONNULL = YES;
				CLANG_ANALYZER_NUMBER_OBJECT_CONVERSION = YES_AGGRESSIVE;
				CLANG_CXX_LANGUAGE_STANDARD = "gnu++14";
				CLANG_CXX_LIBRARY = "libc++";
				CLANG_ENABLE_MODULES = YES;
				CLANG_ENABLE_OBJC_ARC = YES;
				CLANG_ENABLE_OBJC_WEAK = YES;
				CLANG_WARN_BLOCK_CAPTURE_AUTORELEASING = YES;
				CLANG_WARN_BOOL_CONVERSION = YES;
				CLANG_WARN_COMMA = YES;
				CLANG_WARN_CONSTANT_CONVERSION = YES;
				CLANG_WARN_DEPRECATED_OBJC_IMPLEMENTATIONS = YES;
				CLANG_WARN_DIRECT_OBJC_ISA_USAGE = YES_ERROR;
				CLANG_WARN_DOCUMENTATION_COMMENTS = YES;
				CLANG_WARN_EMPTY_BODY = YES;
				CLANG_WARN_ENUM_CONVERSION = YES;
				CLANG_WARN_INFINITE_RECURSION = YES;
				CLANG_WARN_INT_CONVERSION = YES;
				CLANG_WARN_NON_LITERAL_NULL_CONVERSION = YES;
				CLANG_WARN_OBJC_IMPLICIT_RETAIN_SELF = YES;
				CLANG_WARN_OBJC_LITERAL_CONVERSION = YES;
				CLANG_WARN_OBJC_ROOT_CLASS = YES_ERROR;
				CLANG_WARN_RANGE_LOOP_ANALYSIS = YES;
				CLANG_WARN_STRICT_PROTOTYPES = YES;
				CLANG_WARN_SUSPICIOUS_MOVE = YES;
				CLANG_WARN_UNGUARDED_AVAILABILITY = YES_AGGRESSIVE;
				CLANG_WARN_UNREACHABLE_CODE = YES;
				CLANG_WARN__DUPLICATE_METHOD_MATCH = YES;
				COPY_PHASE_STRIP = NO;
				DEBUG_INFORMATION_FORMAT = "dwarf-with-dsym";
				ENABLE_NS_ASSERTIONS = NO;
				ENABLE_STRICT_OBJC_MSGSEND = YES;
				GCC_C_LANGUAGE_STANDARD = gnu11;
				GCC_NO_COMMON_BLOCKS = YES;
				GCC_WARN_64_TO_32_BIT_CONVERSION = YES;
				GCC_WARN_ABOUT_RETURN_TYPE = YES_ERROR;
				GCC_WARN_UNDECLARED_SELECTOR = YES;
				GCC_WARN_UNINITIALIZED_AUTOS = YES_AGGRESSIVE;
				GCC_WARN_UNUSED_FUNCTION = YES;
				GCC_WARN_UNUSED_VARIABLE = YES;
				IPHONEOS_DEPLOYMENT_TARGET = 13.0;
				MTL_ENABLE_DEBUG_INFO = NO;
				MTL_FAST_MATH = YES;
				SDKROOT = iphoneos;
				SWIFT_COMPILATION_MODE = wholemodule;
				SWIFT_OPTIMIZATION_LEVEL = "-O";
				VALIDATE_PRODUCT = YES;
			};
			name = Release;
		};
		2497572E24A9C38A008D125E /* Debug */ = {
			isa = XCBuildConfiguration;
			baseConfigurationReference = 8F0ACDC1FBE39FECD7A6B62A /* Pods-innkeeper.debug.xcconfig */;
			buildSettings = {
				ASSETCATALOG_COMPILER_APPICON_NAME = AppIcon;
				CODE_SIGN_ENTITLEMENTS = innkeeper/innkeeper.entitlements;
				CODE_SIGN_IDENTITY = "iPhone Developer";
				CODE_SIGN_STYLE = Manual;
				DEVELOPMENT_TEAM = 6TSJX9HXTD;
				INFOPLIST_FILE = innkeeper/Info.plist;
				LD_RUNPATH_SEARCH_PATHS = (
					"$(inherited)",
					"@executable_path/Frameworks",
				);
				PRODUCT_BUNDLE_IDENTIFIER = com.orca.hearthstoneinnkeeper;
				PRODUCT_NAME = "$(TARGET_NAME)";
				PROVISIONING_PROFILE_SPECIFIER = "dev-hearthstoneinnkeeper";
				SWIFT_VERSION = 5.0;
				TARGETED_DEVICE_FAMILY = "1,2";
			};
			name = Debug;
		};
		2497572F24A9C38A008D125E /* Release */ = {
			isa = XCBuildConfiguration;
			baseConfigurationReference = 78C9D5D3467A82BD2DE318F1 /* Pods-innkeeper.release.xcconfig */;
			buildSettings = {
				ASSETCATALOG_COMPILER_APPICON_NAME = AppIcon;
				CODE_SIGN_ENTITLEMENTS = innkeeper/innkeeper.entitlements;
				CODE_SIGN_IDENTITY = "iPhone Developer";
				CODE_SIGN_STYLE = Manual;
				DEVELOPMENT_TEAM = 6TSJX9HXTD;
				INFOPLIST_FILE = innkeeper/Info.plist;
				LD_RUNPATH_SEARCH_PATHS = (
					"$(inherited)",
					"@executable_path/Frameworks",
				);
				PRODUCT_BUNDLE_IDENTIFIER = com.orca.hearthstoneinnkeeper;
				PRODUCT_NAME = "$(TARGET_NAME)";
				PROVISIONING_PROFILE_SPECIFIER = "dev-hearthstoneinnkeeper";
				SWIFT_VERSION = 5.0;
				TARGETED_DEVICE_FAMILY = "1,2";
			};
			name = Release;
		};
/* End XCBuildConfiguration section */

/* Begin XCConfigurationList section */
		2497571424A9C389008D125E /* Build configuration list for PBXProject "innkeeper" */ = {
			isa = XCConfigurationList;
			buildConfigurations = (
				2497572B24A9C38A008D125E /* Debug */,
				2497572C24A9C38A008D125E /* Release */,
			);
			defaultConfigurationIsVisible = 0;
			defaultConfigurationName = Release;
		};
		2497572D24A9C38A008D125E /* Build configuration list for PBXNativeTarget "innkeeper" */ = {
			isa = XCConfigurationList;
			buildConfigurations = (
				2497572E24A9C38A008D125E /* Debug */,
				2497572F24A9C38A008D125E /* Release */,
			);
			defaultConfigurationIsVisible = 0;
			defaultConfigurationName = Release;
		};
/* End XCConfigurationList section */
	};
	rootObject = 2497571124A9C389008D125E /* Project object */;
}
